
Microsoft Visual Studio Solution File, Format Version 12.00
# Visual Studio Version 17
VisualStudioVersion = 17.9.34701.34
MinimumVisualStudioVersion = 10.0.40219.1
Project("{FAE04EC0-301F-11D3-BF4B-00C04F79EFBC}") = "pestañaenblanco1", "pestañaenblanco1.csproj", "{C61380DB-4262-4485-B801-CBFB4894AE12}"
EndProject
Global
	GlobalSection(SolutionConfigurationPlatforms) = preSolution
		Debug|Any CPU = Debug|Any CPU
		Release|Any CPU = Release|Any CPU
	EndGlobalSection
	GlobalSection(ProjectConfigurationPlatforms) = postSolution
		{C61380DB-4262-4485-B801-CBFB4894AE12}.Debug|Any CPU.ActiveCfg = Debug|Any CPU
		{C61380DB-4262-4485-B801-CBFB4894AE12}.Debug|Any CPU.Build.0 = Debug|Any CPU
		{C61380DB-4262-4485-B801-CBFB4894AE12}.Release|Any CPU.ActiveCfg = Release|Any CPU
		{C61380DB-4262-4485-B801-CBFB4894AE12}.Release|Any CPU.Build.0 = Release|Any CPU
	EndGlobalSection
	GlobalSection(SolutionProperties) = preSolution
		HideSolutionNode = FALSE
	EndGlobalSection
	GlobalSection(ExtensibilityGlobals) = postSolution
		SolutionGuid = {AD03C8A4-E51B-4994-9C85-5D6378C15B6E}
	EndGlobalSection
EndGlobal
